
Microsoft Visual Studio Solution File, Format Version 12.00
# Visual Studio Version 17
VisualStudioVersion = 17.6.33815.320
MinimumVisualStudioVersion = 10.0.40219.1
Project("{FAE04EC0-301F-11D3-BF4B-00C04F79EFBC}") = "QL sách", "QL cửa hàng sách\QL sách.csproj", "{12A99CBF-794A-4D18-A95F-8D2C2FEC04EA}"
EndProject
Global
	GlobalSection(SolutionConfigurationPlatforms) = preSolution
		Debug|Any CPU = Debug|Any CPU
		Release|Any CPU = Release|Any CPU
	EndGlobalSection
	GlobalSection(ProjectConfigurationPlatforms) = postSolution
		{12A99CBF-794A-4D18-A95F-8D2C2FEC04EA}.Debug|Any CPU.ActiveCfg = Debug|Any CPU
		{12A99CBF-794A-4D18-A95F-8D2C2FEC04EA}.Debug|Any CPU.Build.0 = Debug|Any CPU
		{12A99CBF-794A-4D18-A95F-8D2C2FEC04EA}.Release|Any CPU.ActiveCfg = Release|Any CPU
		{12A99CBF-794A-4D18-A95F-8D2C2FEC04EA}.Release|Any CPU.Build.0 = Release|Any CPU
	EndGlobalSection
	GlobalSection(SolutionProperties) = preSolution
		HideSolutionNode = FALSE
	EndGlobalSection
	GlobalSection(ExtensibilityGlobals) = postSolution
		SolutionGuid = {E5944650-DBC6-4194-B835-F179AB901946}
	EndGlobalSection
EndGlobal
